
Microsoft Visual Studio Solution File, Format Version 12.00
# Visual Studio 2013
VisualStudioVersion = 12.0.31101.0
MinimumVisualStudioVersion = 10.0.40219.1
Project("{FAE04EC0-301F-11D3-BF4B-00C04F79EFBC}") = "Quiron.LojaVirtual.Dominio", "Quiron.LojaVirtual.Dominio\Quiron.LojaVirtual.Dominio.csproj", "{3A2B12EF-06D8-42EA-8DDC-E15820C8E969}"
EndProject
Project("{FAE04EC0-301F-11D3-BF4B-00C04F79EFBC}") = "Quiron.LojaVirtual.Web", "Quiron.LojaVirtual.Web\Quiron.LojaVirtual.Web.csproj", "{233538EE-DC55-4DBD-9242-CBD37C066C23}"
EndProject
Project("{FAE04EC0-301F-11D3-BF4B-00C04F79EFBC}") = "Quiron.LojaVirtual.UnitTest", "Quiron.LojaVirtual.UnitTest\Quiron.LojaVirtual.UnitTest.csproj", "{11539025-92DD-4836-8CF2-DF6D12222CA3}"
EndProject
Global
	GlobalSection(SolutionConfigurationPlatforms) = preSolution
		Debug|Any CPU = Debug|Any CPU
		Release|Any CPU = Release|Any CPU
	EndGlobalSection
	GlobalSection(ProjectConfigurationPlatforms) = postSolution
		{3A2B12EF-06D8-42EA-8DDC-E15820C8E969}.Debug|Any CPU.ActiveCfg = Debug|Any CPU
		{3A2B12EF-06D8-42EA-8DDC-E15820C8E969}.Debug|Any CPU.Build.0 = Debug|Any CPU
		{3A2B12EF-06D8-42EA-8DDC-E15820C8E969}.Release|Any CPU.ActiveCfg = Release|Any CPU
		{3A2B12EF-06D8-42EA-8DDC-E15820C8E969}.Release|Any CPU.Build.0 = Release|Any CPU
		{233538EE-DC55-4DBD-9242-CBD37C066C23}.Debug|Any CPU.ActiveCfg = Debug|Any CPU
		{233538EE-DC55-4DBD-9242-CBD37C066C23}.Debug|Any CPU.Build.0 = Debug|Any CPU
		{233538EE-DC55-4DBD-9242-CBD37C066C23}.Release|Any CPU.ActiveCfg = Release|Any CPU
		{233538EE-DC55-4DBD-9242-CBD37C066C23}.Release|Any CPU.Build.0 = Release|Any CPU
		{11539025-92DD-4836-8CF2-DF6D12222CA3}.Debug|Any CPU.ActiveCfg = Debug|Any CPU
		{11539025-92DD-4836-8CF2-DF6D12222CA3}.Debug|Any CPU.Build.0 = Debug|Any CPU
		{11539025-92DD-4836-8CF2-DF6D12222CA3}.Release|Any CPU.ActiveCfg = Release|Any CPU
		{11539025-92DD-4836-8CF2-DF6D12222CA3}.Release|Any CPU.Build.0 = Release|Any CPU
	EndGlobalSection
	GlobalSection(SolutionProperties) = preSolution
		HideSolutionNode = FALSE
	EndGlobalSection
EndGlobal
